
Microsoft Visual Studio Solution File, Format Version 12.00
# Visual Studio Version 16
VisualStudioVersion = 16.0.28803.156
MinimumVisualStudioVersion = 10.0.40219.1
Project("{9A19103F-16F7-4668-BE54-9A1E7A4F7556}") = "StxMCap.DataGrabber", "StxMCap.DataGrabber\StxMCap.DataGrabber.csproj", "{9A6CAD3B-536D-40C1-A5FD-1B1ED5EFFA52}"
EndProject
Project("{FAE04EC0-301F-11D3-BF4B-00C04F79EFBC}") = "RedSpiderTech.YahooApi.DataGrabber", "RedSpiderTech.YahooApi.DataGrabber\RedSpiderTech.YahooApi.DataGrabber.csproj", "{9CA05482-20DB-4B37-AF49-2BBE59180AB1}"
EndProject
Global
	GlobalSection(SolutionConfigurationPlatforms) = preSolution
		Debug|Any CPU = Debug|Any CPU
		Release|Any CPU = Release|Any CPU
	EndGlobalSection
	GlobalSection(ProjectConfigurationPlatforms) = postSolution
		{9A6CAD3B-536D-40C1-A5FD-1B1ED5EFFA52}.Debug|Any CPU.ActiveCfg = Debug|Any CPU
		{9A6CAD3B-536D-40C1-A5FD-1B1ED5EFFA52}.Debug|Any CPU.Build.0 = Debug|Any CPU
		{9A6CAD3B-536D-40C1-A5FD-1B1ED5EFFA52}.Release|Any CPU.ActiveCfg = Release|Any CPU
		{9A6CAD3B-536D-40C1-A5FD-1B1ED5EFFA52}.Release|Any CPU.Build.0 = Release|Any CPU
		{9CA05482-20DB-4B37-AF49-2BBE59180AB1}.Debug|Any CPU.ActiveCfg = Debug|Any CPU
		{9CA05482-20DB-4B37-AF49-2BBE59180AB1}.Debug|Any CPU.Build.0 = Debug|Any CPU
		{9CA05482-20DB-4B37-AF49-2BBE59180AB1}.Release|Any CPU.ActiveCfg = Release|Any CPU
		{9CA05482-20DB-4B37-AF49-2BBE59180AB1}.Release|Any CPU.Build.0 = Release|Any CPU
	EndGlobalSection
	GlobalSection(SolutionProperties) = preSolution
		HideSolutionNode = FALSE
	EndGlobalSection
	GlobalSection(ExtensibilityGlobals) = postSolution
		SolutionGuid = {E5700053-AC1B-462F-9BA7-05184E9040E3}
	EndGlobalSection
EndGlobal
